
Microsoft Visual Studio Solution File, Format Version 12.00
# Visual Studio Version 16
VisualStudioVersion = 16.0.33027.164
MinimumVisualStudioVersion = 10.0.40219.1
Project("{FAE04EC0-301F-11D3-BF4B-00C04F79EFBC}") = "HedgehogsColoring", "HedgehogsColoring.csproj", "{522152A7-C5EE-43AE-A55A-982E1EFE2E3A}"
EndProject
Global
	GlobalSection(SolutionConfigurationPlatforms) = preSolution
		Debug|Any CPU = Debug|Any CPU
		Release|Any CPU = Release|Any CPU
	EndGlobalSection
	GlobalSection(ProjectConfigurationPlatforms) = postSolution
		{522152A7-C5EE-43AE-A55A-982E1EFE2E3A}.Debug|Any CPU.ActiveCfg = Debug|Any CPU
		{522152A7-C5EE-43AE-A55A-982E1EFE2E3A}.Debug|Any CPU.Build.0 = Debug|Any CPU
		{522152A7-C5EE-43AE-A55A-982E1EFE2E3A}.Release|Any CPU.ActiveCfg = Release|Any CPU
		{522152A7-C5EE-43AE-A55A-982E1EFE2E3A}.Release|Any CPU.Build.0 = Release|Any CPU
	EndGlobalSection
	GlobalSection(SolutionProperties) = preSolution
		HideSolutionNode = FALSE
	EndGlobalSection
	GlobalSection(ExtensibilityGlobals) = postSolution
		SolutionGuid = {510B9F79-24E1-400B-9D08-D66DD3F9DBDF}
	EndGlobalSection
EndGlobal
