
Microsoft Visual Studio Solution File, Format Version 12.00
# Visual Studio Version 16
VisualStudioVersion = 16.0.33027.164
MinimumVisualStudioVersion = 10.0.40219.1
Project("{FAE04EC0-301F-11D3-BF4B-00C04F79EFBC}") = "SudokuTest", "SudokuTest.csproj", "{424DFA06-6E6B-430D-8C84-96D2BC77F998}"
EndProject
Global
	GlobalSection(SolutionConfigurationPlatforms) = preSolution
		Debug|Any CPU = Debug|Any CPU
		Release|Any CPU = Release|Any CPU
	EndGlobalSection
	GlobalSection(ProjectConfigurationPlatforms) = postSolution
		{424DFA06-6E6B-430D-8C84-96D2BC77F998}.Debug|Any CPU.ActiveCfg = Debug|Any CPU
		{424DFA06-6E6B-430D-8C84-96D2BC77F998}.Debug|Any CPU.Build.0 = Debug|Any CPU
		{424DFA06-6E6B-430D-8C84-96D2BC77F998}.Release|Any CPU.ActiveCfg = Release|Any CPU
		{424DFA06-6E6B-430D-8C84-96D2BC77F998}.Release|Any CPU.Build.0 = Release|Any CPU
	EndGlobalSection
	GlobalSection(SolutionProperties) = preSolution
		HideSolutionNode = FALSE
	EndGlobalSection
	GlobalSection(ExtensibilityGlobals) = postSolution
		SolutionGuid = {578C2F1F-FE2D-4E33-871D-C3DD3D457D53}
	EndGlobalSection
EndGlobal
